<?xml version="1.0" encoding="utf-8"?>
<Project ToolsVersion="4.0" xmlns="http://schemas.microsoft.com/developer/msbuild/2003">
  <ItemGroup>
    <Filter Include="소스 파일">
      <UniqueIdentifier>{4FC737F1-C7A5-4376-A066-2A32D752A2FF}</UniqueIdentifier>
      <Extensions>cpp;c;cc;cxx;c++;cppm;ixx;def;odl;idl;hpj;bat;asm;asmx</Extensions>
    </Filter>
    <Filter Include="헤더 파일">
      <UniqueIdentifier>{93995380-89BD-4b04-88EB-625FBE52EBFB}</UniqueIdentifier>
      <Extensions>h;hh;hpp;hxx;h++;hm;inl;inc;ipp;xsd</Extensions>
    </Filter>
    <Filter Include="리소스 파일">
      <UniqueIdentifier>{67DA6AB6-F800-4c08-8B7A-83BB121AAD01}</UniqueIdentifier>
      <Extensions>rc;ico;cur;bmp;dlg;rc2;rct;bin;rgs;gif;jpg;jpeg;jpe;resx;tiff;tif;png;wav;mfcribbon-ms</Extensions>
    </Filter>
  </ItemGroup>
  <ItemGroup>
    <ClInclude Include="framework.h">
      <Filter>헤더 파일</Filter>
    </ClInclude>
    <ClInclude Include="MProjectServerDefine.h">
      <Filter>헤더 파일</Filter>
    </ClInclude>
    <ClInclude Include="TSingleton.h">
      <Filter>헤더 파일</Filter>
    </ClInclude>
    <ClInclude Include="GlobalDefine.h">
      <Filter>헤더 파일</Filter>
    </ClInclude>
    <ClInclude Include="NetworkDefine.h">
      <Filter>헤더 파일</Filter>
    </ClInclude>
    <ClInclude Include="flatbuffers\include\flatbuffers\pch\flatc_pch.h">
      <Filter>헤더 파일</Filter>
    </ClInclude>
    <ClInclude Include="flatbuffers\include\flatbuffers\pch\pch.h">
      <Filter>헤더 파일</Filter>
    </ClInclude>
    <ClInclude Include="flatbuffers\include\flatbuffers\base.h">
      <Filter>헤더 파일</Filter>
    </ClInclude>
    <ClInclude Include="flatbuffers\include\flatbuffers\code_generators.h">
      <Filter>헤더 파일</Filter>
    </ClInclude>
    <ClInclude Include="flatbuffers\include\flatbuffers\flatbuffers.h">
      <Filter>헤더 파일</Filter>
    </ClInclude>
    <ClInclude Include="flatbuffers\include\flatbuffers\flatc.h">
      <Filter>헤더 파일</Filter>
    </ClInclude>
    <ClInclude Include="flatbuffers\include\flatbuffers\flexbuffers.h">
      <Filter>헤더 파일</Filter>
    </ClInclude>
    <ClInclude Include="flatbuffers\include\flatbuffers\grpc.h">
      <Filter>헤더 파일</Filter>
    </ClInclude>
    <ClInclude Include="flatbuffers\include\flatbuffers\hash.h">
      <Filter>헤더 파일</Filter>
    </ClInclude>
    <ClInclude Include="flatbuffers\include\flatbuffers\idl.h">
      <Filter>헤더 파일</Filter>
    </ClInclude>
    <ClInclude Include="flatbuffers\include\flatbuffers\minireflect.h">
      <Filter>헤더 파일</Filter>
    </ClInclude>
    <ClInclude Include="flatbuffers\include\flatbuffers\reflection.h">
      <Filter>헤더 파일</Filter>
    </ClInclude>
    <ClInclude Include="flatbuffers\include\flatbuffers\reflection_generated.h">
      <Filter>헤더 파일</Filter>
    </ClInclude>
    <ClInclude Include="flatbuffers\include\flatbuffers\registry.h">
      <Filter>헤더 파일</Filter>
    </ClInclude>
    <ClInclude Include="flatbuffers\include\flatbuffers\stl_emulation.h">
      <Filter>헤더 파일</Filter>
    </ClInclude>
    <ClInclude Include="flatbuffers\include\flatbuffers\util.h">
      <Filter>헤더 파일</Filter>
    </ClInclude>
    <ClInclude Include="flatbuffers\pch\flatc_pch.h">
      <Filter>헤더 파일</Filter>
    </ClInclude>
    <ClInclude Include="flatbuffers\pch\pch.h">
      <Filter>헤더 파일</Filter>
    </ClInclude>
    <ClInclude Include="flatbuffers\base.h">
      <Filter>헤더 파일</Filter>
    </ClInclude>
    <ClInclude Include="flatbuffers\code_generators.h">
      <Filter>헤더 파일</Filter>
    </ClInclude>
    <ClInclude Include="flatbuffers\flatbuffers.h">
      <Filter>헤더 파일</Filter>
    </ClInclude>
    <ClInclude Include="flatbuffers\flatc.h">
      <Filter>헤더 파일</Filter>
    </ClInclude>
    <ClInclude Include="flatbuffers\flexbuffers.h">
      <Filter>헤더 파일</Filter>
    </ClInclude>
    <ClInclude Include="flatbuffers\grpc.h">
      <Filter>헤더 파일</Filter>
    </ClInclude>
    <ClInclude Include="flatbuffers\hash.h">
      <Filter>헤더 파일</Filter>
    </ClInclude>
    <ClInclude Include="flatbuffers\idl.h">
      <Filter>헤더 파일</Filter>
    </ClInclude>
    <ClInclude Include="flatbuffers\minireflect.h">
      <Filter>헤더 파일</Filter>
    </ClInclude>
    <ClInclude Include="flatbuffers\reflection.h">
      <Filter>헤더 파일</Filter>
    </ClInclude>
    <ClInclude Include="flatbuffers\reflection_generated.h">
      <Filter>헤더 파일</Filter>
    </ClInclude>
    <ClInclude Include="flatbuffers\registry.h">
      <Filter>헤더 파일</Filter>
    </ClInclude>
    <ClInclude Include="flatbuffers\stl_emulation.h">
      <Filter>헤더 파일</Filter>
    </ClInclude>
    <ClInclude Include="flatbuffers\util.h">
      <Filter>헤더 파일</Filter>
    </ClInclude>
    <ClInclude Include="IOService.h">
      <Filter>헤더 파일</Filter>
    </ClInclude>
    <ClInclude Include="IOAcceptor.h">
      <Filter>헤더 파일</Filter>
    </ClInclude>
    <ClInclude Include="NetworkServer.h">
      <Filter>헤더 파일</Filter>
    </ClInclude>
    <ClInclude Include="ProtocolHandler.h">
      <Filter>헤더 파일</Filter>
    </ClInclude>
    <ClInclude Include="Session.h">
      <Filter>헤더 파일</Filter>
    </ClInclude>
    <ClInclude Include="IOConnector.h">
      <Filter>헤더 파일</Filter>
    </ClInclude>
    <ClInclude Include="SPSCQueue.h">
      <Filter>헤더 파일</Filter>
    </ClInclude>
    <ClInclude Include="NetEvent.h">
      <Filter>헤더 파일</Filter>
    </ClInclude>
    <ClInclude Include="MemoryPool.h">
      <Filter>헤더 파일</Filter>
    </ClInclude>
  </ItemGroup>
  <ItemGroup>
    <ClCompile Include="MProjectServerDefine.cpp">
      <Filter>소스 파일</Filter>
    </ClCompile>
    <ClCompile Include="IOService.cpp">
      <Filter>소스 파일</Filter>
    </ClCompile>
    <ClCompile Include="IOAcceptor.cpp">
      <Filter>소스 파일</Filter>
    </ClCompile>
    <ClCompile Include="NetworkServer.cpp">
      <Filter>소스 파일</Filter>
    </ClCompile>
    <ClCompile Include="ProtocolHandler.cpp">
      <Filter>소스 파일</Filter>
    </ClCompile>
    <ClCompile Include="Session.cpp">
      <Filter>소스 파일</Filter>
    </ClCompile>
    <ClCompile Include="IOConnector.cpp">
      <Filter>소스 파일</Filter>
    </ClCompile>
    <ClCompile Include="MemoryPool.cpp">
      <Filter>소스 파일</Filter>
    </ClCompile>
  </ItemGroup>
</Project>