<?xml version="1.0" encoding="utf-8"?>
<Project ToolsVersion="4.0" xmlns="http://schemas.microsoft.com/developer/msbuild/2003">
  <ItemGroup>
    <Filter Include="소스 파일">
      <UniqueIdentifier>{4FC737F1-C7A5-4376-A066-2A32D752A2FF}</UniqueIdentifier>
      <Extensions>cpp;c;cc;cxx;c++;cppm;ixx;def;odl;idl;hpj;bat;asm;asmx</Extensions>
    </Filter>
    <Filter Include="헤더 파일">
      <UniqueIdentifier>{93995380-89BD-4b04-88EB-625FBE52EBFB}</UniqueIdentifier>
      <Extensions>h;hh;hpp;hxx;h++;hm;inl;inc;ipp;xsd</Extensions>
    </Filter>
    <Filter Include="리소스 파일">
      <UniqueIdentifier>{67DA6AB6-F800-4c08-8B7A-83BB121AAD01}</UniqueIdentifier>
      <Extensions>rc;ico;cur;bmp;dlg;rc2;rct;bin;rgs;gif;jpg;jpeg;jpe;resx;tiff;tif;png;wav;mfcribbon-ms</Extensions>
    </Filter>
  </ItemGroup>
  <ItemGroup>
    <ClInclude Include="Utility\TSingleton.h">
      <Filter>헤더 파일</Filter>
    </ClInclude>
    <ClInclude Include="GlobalDefine.h">
      <Filter>헤더 파일</Filter>
    </ClInclude>
    <ClInclude Include="flatbuffers\include\flatbuffers\pch\flatc_pch.h">
      <Filter>헤더 파일</Filter>
    </ClInclude>
    <ClInclude Include="flatbuffers\include\flatbuffers\pch\pch.h">
      <Filter>헤더 파일</Filter>
    </ClInclude>
    <ClInclude Include="flatbuffers\include\flatbuffers\base.h">
      <Filter>헤더 파일</Filter>
    </ClInclude>
    <ClInclude Include="flatbuffers\include\flatbuffers\code_generators.h">
      <Filter>헤더 파일</Filter>
    </ClInclude>
    <ClInclude Include="flatbuffers\include\flatbuffers\flatbuffers.h">
      <Filter>헤더 파일</Filter>
    </ClInclude>
    <ClInclude Include="flatbuffers\include\flatbuffers\flatc.h">
      <Filter>헤더 파일</Filter>
    </ClInclude>
    <ClInclude Include="flatbuffers\include\flatbuffers\flexbuffers.h">
      <Filter>헤더 파일</Filter>
    </ClInclude>
    <ClInclude Include="flatbuffers\include\flatbuffers\grpc.h">
      <Filter>헤더 파일</Filter>
    </ClInclude>
    <ClInclude Include="flatbuffers\include\flatbuffers\hash.h">
      <Filter>헤더 파일</Filter>
    </ClInclude>
    <ClInclude Include="flatbuffers\include\flatbuffers\idl.h">
      <Filter>헤더 파일</Filter>
    </ClInclude>
    <ClInclude Include="flatbuffers\include\flatbuffers\minireflect.h">
      <Filter>헤더 파일</Filter>
    </ClInclude>
    <ClInclude Include="flatbuffers\include\flatbuffers\reflection.h">
      <Filter>헤더 파일</Filter>
    </ClInclude>
    <ClInclude Include="flatbuffers\include\flatbuffers\reflection_generated.h">
      <Filter>헤더 파일</Filter>
    </ClInclude>
    <ClInclude Include="flatbuffers\include\flatbuffers\registry.h">
      <Filter>헤더 파일</Filter>
    </ClInclude>
    <ClInclude Include="flatbuffers\include\flatbuffers\stl_emulation.h">
      <Filter>헤더 파일</Filter>
    </ClInclude>
    <ClInclude Include="flatbuffers\include\flatbuffers\util.h">
      <Filter>헤더 파일</Filter>
    </ClInclude>
    <ClInclude Include="Utility\SPSCQueue.h">
      <Filter>헤더 파일</Filter>
    </ClInclude>
    <ClInclude Include="Utility\MemoryPool.h">
      <Filter>헤더 파일</Filter>
    </ClInclude>
    <ClInclude Include="GuardDefine.h">
      <Filter>헤더 파일</Filter>
    </ClInclude>
    <ClInclude Include="Exception\BaseException.h">
      <Filter>헤더 파일</Filter>
    </ClInclude>
    <ClInclude Include="Utility\CircularBuffer.h">
      <Filter>헤더 파일</Filter>
    </ClInclude>
    <ClInclude Include="Utility\FramesPerSecond.h">
      <Filter>헤더 파일</Filter>
    </ClInclude>
    <ClInclude Include="Utility\UniversalToolkit.h">
      <Filter>헤더 파일</Filter>
    </ClInclude>
    <ClInclude Include="Utility\MSHA256.h">
      <Filter>헤더 파일</Filter>
    </ClInclude>
    <ClInclude Include="Utility\MRandom.h">
      <Filter>헤더 파일</Filter>
    </ClInclude>
    <ClInclude Include="Core\MObject.h">
      <Filter>헤더 파일</Filter>
    </ClInclude>
    <ClInclude Include="Thread\MThread.h">
      <Filter>헤더 파일</Filter>
    </ClInclude>
    <ClInclude Include="String\String.h">
      <Filter>헤더 파일</Filter>
    </ClInclude>
    <ClInclude Include="Utility\magic_enum.hpp">
      <Filter>헤더 파일</Filter>
    </ClInclude>
    <ClInclude Include="Utility\magic_enum_format.hpp">
      <Filter>헤더 파일</Filter>
    </ClInclude>
    <ClInclude Include="Utility\magic_enum_fuse.hpp">
      <Filter>헤더 파일</Filter>
    </ClInclude>
    <ClInclude Include="String\StringEnum.h">
      <Filter>헤더 파일</Filter>
    </ClInclude>
    <ClInclude Include="String\StringFormat.h">
      <Filter>헤더 파일</Filter>
    </ClInclude>
    <ClInclude Include="String\StringRange.h">
      <Filter>헤더 파일</Filter>
    </ClInclude>
    <ClInclude Include="String\StringUtility.h">
      <Filter>헤더 파일</Filter>
    </ClInclude>
    <ClInclude Include="String\StringHash.h">
      <Filter>헤더 파일</Filter>
    </ClInclude>
    <ClInclude Include="String\StringAlgorithm.h">
      <Filter>헤더 파일</Filter>
    </ClInclude>
    <ClInclude Include="Thread\MTask.h">
      <Filter>헤더 파일</Filter>
    </ClInclude>
  </ItemGroup>
  <ItemGroup>
    <ClCompile Include="Utility\FramesPerSecond.cpp">
      <Filter>소스 파일</Filter>
    </ClCompile>
    <ClCompile Include="Utility\UniversalToolkit.cpp">
      <Filter>소스 파일</Filter>
    </ClCompile>
    <ClCompile Include="Utility\MSHA256.cpp">
      <Filter>소스 파일</Filter>
    </ClCompile>
    <ClCompile Include="Core\MObject.cpp">
      <Filter>소스 파일</Filter>
    </ClCompile>
    <ClCompile Include="Thread\MThread.cpp">
      <Filter>소스 파일</Filter>
    </ClCompile>
    <ClCompile Include="String\String.cpp">
      <Filter>소스 파일</Filter>
    </ClCompile>
    <ClCompile Include="String\StringAlgorithm.cpp">
      <Filter>소스 파일</Filter>
    </ClCompile>
  </ItemGroup>
</Project>