<?xml version="1.0" encoding="utf-8"?>
<Project ToolsVersion="4.0" xmlns="http://schemas.microsoft.com/developer/msbuild/2003">
  <ItemGroup>
    <Filter Include="소스 파일">
      <UniqueIdentifier>{4FC737F1-C7A5-4376-A066-2A32D752A2FF}</UniqueIdentifier>
      <Extensions>cpp;c;cc;cxx;c++;cppm;ixx;def;odl;idl;hpj;bat;asm;asmx</Extensions>
    </Filter>
    <Filter Include="헤더 파일">
      <UniqueIdentifier>{93995380-89BD-4b04-88EB-625FBE52EBFB}</UniqueIdentifier>
      <Extensions>h;hh;hpp;hxx;h++;hm;inl;inc;ipp;xsd</Extensions>
    </Filter>
    <Filter Include="리소스 파일">
      <UniqueIdentifier>{67DA6AB6-F800-4c08-8B7A-83BB121AAD01}</UniqueIdentifier>
      <Extensions>rc;ico;cur;bmp;dlg;rc2;rct;bin;rgs;gif;jpg;jpeg;jpe;resx;tiff;tif;png;wav;mfcribbon-ms</Extensions>
    </Filter>
  </ItemGroup>
  <ItemGroup>
    <ClInclude Include="Utility\TSingleton.h">
      <Filter>헤더 파일</Filter>
    </ClInclude>
    <ClInclude Include="GlobalDefine.h">
      <Filter>헤더 파일</Filter>
    </ClInclude>
    <ClInclude Include="Network\NetworkDefine.h">
      <Filter>헤더 파일</Filter>
    </ClInclude>
    <ClInclude Include="flatbuffers\include\flatbuffers\pch\flatc_pch.h">
      <Filter>헤더 파일</Filter>
    </ClInclude>
    <ClInclude Include="flatbuffers\include\flatbuffers\pch\pch.h">
      <Filter>헤더 파일</Filter>
    </ClInclude>
    <ClInclude Include="flatbuffers\include\flatbuffers\base.h">
      <Filter>헤더 파일</Filter>
    </ClInclude>
    <ClInclude Include="flatbuffers\include\flatbuffers\code_generators.h">
      <Filter>헤더 파일</Filter>
    </ClInclude>
    <ClInclude Include="flatbuffers\include\flatbuffers\flatbuffers.h">
      <Filter>헤더 파일</Filter>
    </ClInclude>
    <ClInclude Include="flatbuffers\include\flatbuffers\flatc.h">
      <Filter>헤더 파일</Filter>
    </ClInclude>
    <ClInclude Include="flatbuffers\include\flatbuffers\flexbuffers.h">
      <Filter>헤더 파일</Filter>
    </ClInclude>
    <ClInclude Include="flatbuffers\include\flatbuffers\grpc.h">
      <Filter>헤더 파일</Filter>
    </ClInclude>
    <ClInclude Include="flatbuffers\include\flatbuffers\hash.h">
      <Filter>헤더 파일</Filter>
    </ClInclude>
    <ClInclude Include="flatbuffers\include\flatbuffers\idl.h">
      <Filter>헤더 파일</Filter>
    </ClInclude>
    <ClInclude Include="flatbuffers\include\flatbuffers\minireflect.h">
      <Filter>헤더 파일</Filter>
    </ClInclude>
    <ClInclude Include="flatbuffers\include\flatbuffers\reflection.h">
      <Filter>헤더 파일</Filter>
    </ClInclude>
    <ClInclude Include="flatbuffers\include\flatbuffers\reflection_generated.h">
      <Filter>헤더 파일</Filter>
    </ClInclude>
    <ClInclude Include="flatbuffers\include\flatbuffers\registry.h">
      <Filter>헤더 파일</Filter>
    </ClInclude>
    <ClInclude Include="flatbuffers\include\flatbuffers\stl_emulation.h">
      <Filter>헤더 파일</Filter>
    </ClInclude>
    <ClInclude Include="flatbuffers\include\flatbuffers\util.h">
      <Filter>헤더 파일</Filter>
    </ClInclude>
    <ClInclude Include="Network\IOService.h">
      <Filter>헤더 파일</Filter>
    </ClInclude>
    <ClInclude Include="Network\IOAcceptor.h">
      <Filter>헤더 파일</Filter>
    </ClInclude>
    <ClInclude Include="Network\NetworkServer.h">
      <Filter>헤더 파일</Filter>
    </ClInclude>
    <ClInclude Include="Network\ProtocolHandler.h">
      <Filter>헤더 파일</Filter>
    </ClInclude>
    <ClInclude Include="Network\Session.h">
      <Filter>헤더 파일</Filter>
    </ClInclude>
    <ClInclude Include="Network\IOConnector.h">
      <Filter>헤더 파일</Filter>
    </ClInclude>
    <ClInclude Include="Utility\SPSCQueue.h">
      <Filter>헤더 파일</Filter>
    </ClInclude>
    <ClInclude Include="Network\NetEvent.h">
      <Filter>헤더 파일</Filter>
    </ClInclude>
    <ClInclude Include="Utility\MemoryPool.h">
      <Filter>헤더 파일</Filter>
    </ClInclude>
    <ClInclude Include="GuardDefine.h">
      <Filter>헤더 파일</Filter>
    </ClInclude>
    <ClInclude Include="Exception\BaseException.h">
      <Filter>헤더 파일</Filter>
    </ClInclude>
    <ClInclude Include="Utility\CircularBuffer.h">
      <Filter>헤더 파일</Filter>
    </ClInclude>
    <ClInclude Include="Utility\MThread.h">
      <Filter>헤더 파일</Filter>
    </ClInclude>
    <ClInclude Include="Utility\FramesPerSecond.h">
      <Filter>헤더 파일</Filter>
    </ClInclude>
    <ClInclude Include="spdlog\cfg\argv.h">
      <Filter>헤더 파일</Filter>
    </ClInclude>
    <ClInclude Include="spdlog\cfg\env.h">
      <Filter>헤더 파일</Filter>
    </ClInclude>
    <ClInclude Include="spdlog\cfg\helpers.h">
      <Filter>헤더 파일</Filter>
    </ClInclude>
    <ClInclude Include="spdlog\cfg\helpers-inl.h">
      <Filter>헤더 파일</Filter>
    </ClInclude>
    <ClInclude Include="spdlog\details\backtracer.h">
      <Filter>헤더 파일</Filter>
    </ClInclude>
    <ClInclude Include="spdlog\details\backtracer-inl.h">
      <Filter>헤더 파일</Filter>
    </ClInclude>
    <ClInclude Include="spdlog\details\circular_q.h">
      <Filter>헤더 파일</Filter>
    </ClInclude>
    <ClInclude Include="spdlog\details\console_globals.h">
      <Filter>헤더 파일</Filter>
    </ClInclude>
    <ClInclude Include="spdlog\details\file_helper.h">
      <Filter>헤더 파일</Filter>
    </ClInclude>
    <ClInclude Include="spdlog\details\file_helper-inl.h">
      <Filter>헤더 파일</Filter>
    </ClInclude>
    <ClInclude Include="spdlog\details\fmt_helper.h">
      <Filter>헤더 파일</Filter>
    </ClInclude>
    <ClInclude Include="spdlog\details\log_msg.h">
      <Filter>헤더 파일</Filter>
    </ClInclude>
    <ClInclude Include="spdlog\details\log_msg_buffer.h">
      <Filter>헤더 파일</Filter>
    </ClInclude>
    <ClInclude Include="spdlog\details\log_msg_buffer-inl.h">
      <Filter>헤더 파일</Filter>
    </ClInclude>
    <ClInclude Include="spdlog\details\log_msg-inl.h">
      <Filter>헤더 파일</Filter>
    </ClInclude>
    <ClInclude Include="spdlog\details\mpmc_blocking_q.h">
      <Filter>헤더 파일</Filter>
    </ClInclude>
    <ClInclude Include="spdlog\details\null_mutex.h">
      <Filter>헤더 파일</Filter>
    </ClInclude>
    <ClInclude Include="spdlog\details\os.h">
      <Filter>헤더 파일</Filter>
    </ClInclude>
    <ClInclude Include="spdlog\details\os-inl.h">
      <Filter>헤더 파일</Filter>
    </ClInclude>
    <ClInclude Include="spdlog\details\periodic_worker.h">
      <Filter>헤더 파일</Filter>
    </ClInclude>
    <ClInclude Include="spdlog\details\periodic_worker-inl.h">
      <Filter>헤더 파일</Filter>
    </ClInclude>
    <ClInclude Include="spdlog\details\registry.h">
      <Filter>헤더 파일</Filter>
    </ClInclude>
    <ClInclude Include="spdlog\details\registry-inl.h">
      <Filter>헤더 파일</Filter>
    </ClInclude>
    <ClInclude Include="spdlog\details\synchronous_factory.h">
      <Filter>헤더 파일</Filter>
    </ClInclude>
    <ClInclude Include="spdlog\details\tcp_client.h">
      <Filter>헤더 파일</Filter>
    </ClInclude>
    <ClInclude Include="spdlog\details\tcp_client-windows.h">
      <Filter>헤더 파일</Filter>
    </ClInclude>
    <ClInclude Include="spdlog\details\thread_pool.h">
      <Filter>헤더 파일</Filter>
    </ClInclude>
    <ClInclude Include="spdlog\details\thread_pool-inl.h">
      <Filter>헤더 파일</Filter>
    </ClInclude>
    <ClInclude Include="spdlog\details\udp_client.h">
      <Filter>헤더 파일</Filter>
    </ClInclude>
    <ClInclude Include="spdlog\details\udp_client-windows.h">
      <Filter>헤더 파일</Filter>
    </ClInclude>
    <ClInclude Include="spdlog\details\windows_include.h">
      <Filter>헤더 파일</Filter>
    </ClInclude>
    <ClInclude Include="spdlog\fmt\bundled\args.h">
      <Filter>헤더 파일</Filter>
    </ClInclude>
    <ClInclude Include="spdlog\fmt\bundled\chrono.h">
      <Filter>헤더 파일</Filter>
    </ClInclude>
    <ClInclude Include="spdlog\fmt\bundled\color.h">
      <Filter>헤더 파일</Filter>
    </ClInclude>
    <ClInclude Include="spdlog\fmt\bundled\compile.h">
      <Filter>헤더 파일</Filter>
    </ClInclude>
    <ClInclude Include="spdlog\fmt\bundled\core.h">
      <Filter>헤더 파일</Filter>
    </ClInclude>
    <ClInclude Include="spdlog\fmt\bundled\format.h">
      <Filter>헤더 파일</Filter>
    </ClInclude>
    <ClInclude Include="spdlog\fmt\bundled\format-inl.h">
      <Filter>헤더 파일</Filter>
    </ClInclude>
    <ClInclude Include="spdlog\fmt\bundled\locale.h">
      <Filter>헤더 파일</Filter>
    </ClInclude>
    <ClInclude Include="spdlog\fmt\bundled\os.h">
      <Filter>헤더 파일</Filter>
    </ClInclude>
    <ClInclude Include="spdlog\fmt\bundled\ostream.h">
      <Filter>헤더 파일</Filter>
    </ClInclude>
    <ClInclude Include="spdlog\fmt\bundled\printf.h">
      <Filter>헤더 파일</Filter>
    </ClInclude>
    <ClInclude Include="spdlog\fmt\bundled\ranges.h">
      <Filter>헤더 파일</Filter>
    </ClInclude>
    <ClInclude Include="spdlog\fmt\bundled\xchar.h">
      <Filter>헤더 파일</Filter>
    </ClInclude>
    <ClInclude Include="spdlog\fmt\bin_to_hex.h">
      <Filter>헤더 파일</Filter>
    </ClInclude>
    <ClInclude Include="spdlog\fmt\chrono.h">
      <Filter>헤더 파일</Filter>
    </ClInclude>
    <ClInclude Include="spdlog\fmt\compile.h">
      <Filter>헤더 파일</Filter>
    </ClInclude>
    <ClInclude Include="spdlog\fmt\fmt.h">
      <Filter>헤더 파일</Filter>
    </ClInclude>
    <ClInclude Include="spdlog\fmt\ostr.h">
      <Filter>헤더 파일</Filter>
    </ClInclude>
    <ClInclude Include="spdlog\fmt\ranges.h">
      <Filter>헤더 파일</Filter>
    </ClInclude>
    <ClInclude Include="spdlog\fmt\xchar.h">
      <Filter>헤더 파일</Filter>
    </ClInclude>
    <ClInclude Include="spdlog\sinks\android_sink.h">
      <Filter>헤더 파일</Filter>
    </ClInclude>
    <ClInclude Include="spdlog\sinks\ansicolor_sink.h">
      <Filter>헤더 파일</Filter>
    </ClInclude>
    <ClInclude Include="spdlog\sinks\ansicolor_sink-inl.h">
      <Filter>헤더 파일</Filter>
    </ClInclude>
    <ClInclude Include="spdlog\sinks\base_sink.h">
      <Filter>헤더 파일</Filter>
    </ClInclude>
    <ClInclude Include="spdlog\sinks\base_sink-inl.h">
      <Filter>헤더 파일</Filter>
    </ClInclude>
    <ClInclude Include="spdlog\sinks\basic_file_sink.h">
      <Filter>헤더 파일</Filter>
    </ClInclude>
    <ClInclude Include="spdlog\sinks\basic_file_sink-inl.h">
      <Filter>헤더 파일</Filter>
    </ClInclude>
    <ClInclude Include="spdlog\sinks\daily_file_sink.h">
      <Filter>헤더 파일</Filter>
    </ClInclude>
    <ClInclude Include="spdlog\sinks\dist_sink.h">
      <Filter>헤더 파일</Filter>
    </ClInclude>
    <ClInclude Include="spdlog\sinks\dup_filter_sink.h">
      <Filter>헤더 파일</Filter>
    </ClInclude>
    <ClInclude Include="spdlog\sinks\hourly_file_sink.h">
      <Filter>헤더 파일</Filter>
    </ClInclude>
    <ClInclude Include="spdlog\sinks\mongo_sink.h">
      <Filter>헤더 파일</Filter>
    </ClInclude>
    <ClInclude Include="spdlog\sinks\msvc_sink.h">
      <Filter>헤더 파일</Filter>
    </ClInclude>
    <ClInclude Include="spdlog\sinks\null_sink.h">
      <Filter>헤더 파일</Filter>
    </ClInclude>
    <ClInclude Include="spdlog\sinks\ostream_sink.h">
      <Filter>헤더 파일</Filter>
    </ClInclude>
    <ClInclude Include="spdlog\sinks\qt_sinks.h">
      <Filter>헤더 파일</Filter>
    </ClInclude>
    <ClInclude Include="spdlog\sinks\ringbuffer_sink.h">
      <Filter>헤더 파일</Filter>
    </ClInclude>
    <ClInclude Include="spdlog\sinks\rotating_file_sink.h">
      <Filter>헤더 파일</Filter>
    </ClInclude>
    <ClInclude Include="spdlog\sinks\rotating_file_sink-inl.h">
      <Filter>헤더 파일</Filter>
    </ClInclude>
    <ClInclude Include="spdlog\sinks\sink.h">
      <Filter>헤더 파일</Filter>
    </ClInclude>
    <ClInclude Include="spdlog\sinks\sink-inl.h">
      <Filter>헤더 파일</Filter>
    </ClInclude>
    <ClInclude Include="spdlog\sinks\stdout_color_sinks.h">
      <Filter>헤더 파일</Filter>
    </ClInclude>
    <ClInclude Include="spdlog\sinks\stdout_color_sinks-inl.h">
      <Filter>헤더 파일</Filter>
    </ClInclude>
    <ClInclude Include="spdlog\sinks\stdout_sinks.h">
      <Filter>헤더 파일</Filter>
    </ClInclude>
    <ClInclude Include="spdlog\sinks\stdout_sinks-inl.h">
      <Filter>헤더 파일</Filter>
    </ClInclude>
    <ClInclude Include="spdlog\sinks\syslog_sink.h">
      <Filter>헤더 파일</Filter>
    </ClInclude>
    <ClInclude Include="spdlog\sinks\systemd_sink.h">
      <Filter>헤더 파일</Filter>
    </ClInclude>
    <ClInclude Include="spdlog\sinks\tcp_sink.h">
      <Filter>헤더 파일</Filter>
    </ClInclude>
    <ClInclude Include="spdlog\sinks\udp_sink.h">
      <Filter>헤더 파일</Filter>
    </ClInclude>
    <ClInclude Include="spdlog\sinks\win_eventlog_sink.h">
      <Filter>헤더 파일</Filter>
    </ClInclude>
    <ClInclude Include="spdlog\sinks\wincolor_sink.h">
      <Filter>헤더 파일</Filter>
    </ClInclude>
    <ClInclude Include="spdlog\sinks\wincolor_sink-inl.h">
      <Filter>헤더 파일</Filter>
    </ClInclude>
    <ClInclude Include="spdlog\async.h">
      <Filter>헤더 파일</Filter>
    </ClInclude>
    <ClInclude Include="spdlog\async_logger.h">
      <Filter>헤더 파일</Filter>
    </ClInclude>
    <ClInclude Include="spdlog\async_logger-inl.h">
      <Filter>헤더 파일</Filter>
    </ClInclude>
    <ClInclude Include="spdlog\common.h">
      <Filter>헤더 파일</Filter>
    </ClInclude>
    <ClInclude Include="spdlog\common-inl.h">
      <Filter>헤더 파일</Filter>
    </ClInclude>
    <ClInclude Include="spdlog\formatter.h">
      <Filter>헤더 파일</Filter>
    </ClInclude>
    <ClInclude Include="spdlog\fwd.h">
      <Filter>헤더 파일</Filter>
    </ClInclude>
    <ClInclude Include="spdlog\logger.h">
      <Filter>헤더 파일</Filter>
    </ClInclude>
    <ClInclude Include="spdlog\logger-inl.h">
      <Filter>헤더 파일</Filter>
    </ClInclude>
    <ClInclude Include="spdlog\pattern_formatter.h">
      <Filter>헤더 파일</Filter>
    </ClInclude>
    <ClInclude Include="spdlog\pattern_formatter-inl.h">
      <Filter>헤더 파일</Filter>
    </ClInclude>
    <ClInclude Include="spdlog\spdlog.h">
      <Filter>헤더 파일</Filter>
    </ClInclude>
    <ClInclude Include="spdlog\spdlog-inl.h">
      <Filter>헤더 파일</Filter>
    </ClInclude>
    <ClInclude Include="spdlog\stopwatch.h">
      <Filter>헤더 파일</Filter>
    </ClInclude>
    <ClInclude Include="spdlog\tweakme.h">
      <Filter>헤더 파일</Filter>
    </ClInclude>
    <ClInclude Include="spdlog\version.h">
      <Filter>헤더 파일</Filter>
    </ClInclude>
    <ClInclude Include="Core\MLogger.h">
      <Filter>헤더 파일</Filter>
    </ClInclude>
    <ClInclude Include="flatbuffers\pch\flatc_pch.h">
      <Filter>헤더 파일</Filter>
    </ClInclude>
    <ClInclude Include="flatbuffers\pch\pch.h">
      <Filter>헤더 파일</Filter>
    </ClInclude>
    <ClInclude Include="flatbuffers\allocator.h">
      <Filter>헤더 파일</Filter>
    </ClInclude>
    <ClInclude Include="flatbuffers\array.h">
      <Filter>헤더 파일</Filter>
    </ClInclude>
    <ClInclude Include="flatbuffers\base.h">
      <Filter>헤더 파일</Filter>
    </ClInclude>
    <ClInclude Include="flatbuffers\bfbs_generator.h">
      <Filter>헤더 파일</Filter>
    </ClInclude>
    <ClInclude Include="flatbuffers\buffer.h">
      <Filter>헤더 파일</Filter>
    </ClInclude>
    <ClInclude Include="flatbuffers\buffer_ref.h">
      <Filter>헤더 파일</Filter>
    </ClInclude>
    <ClInclude Include="flatbuffers\code_generators.h">
      <Filter>헤더 파일</Filter>
    </ClInclude>
    <ClInclude Include="flatbuffers\default_allocator.h">
      <Filter>헤더 파일</Filter>
    </ClInclude>
    <ClInclude Include="flatbuffers\detached_buffer.h">
      <Filter>헤더 파일</Filter>
    </ClInclude>
    <ClInclude Include="flatbuffers\flatbuffer_builder.h">
      <Filter>헤더 파일</Filter>
    </ClInclude>
    <ClInclude Include="flatbuffers\flatbuffers.h">
      <Filter>헤더 파일</Filter>
    </ClInclude>
    <ClInclude Include="flatbuffers\flatc.h">
      <Filter>헤더 파일</Filter>
    </ClInclude>
    <ClInclude Include="flatbuffers\flexbuffers.h">
      <Filter>헤더 파일</Filter>
    </ClInclude>
    <ClInclude Include="flatbuffers\grpc.h">
      <Filter>헤더 파일</Filter>
    </ClInclude>
    <ClInclude Include="flatbuffers\hash.h">
      <Filter>헤더 파일</Filter>
    </ClInclude>
    <ClInclude Include="flatbuffers\idl.h">
      <Filter>헤더 파일</Filter>
    </ClInclude>
    <ClInclude Include="flatbuffers\minireflect.h">
      <Filter>헤더 파일</Filter>
    </ClInclude>
    <ClInclude Include="flatbuffers\reflection.h">
      <Filter>헤더 파일</Filter>
    </ClInclude>
    <ClInclude Include="flatbuffers\reflection_generated.h">
      <Filter>헤더 파일</Filter>
    </ClInclude>
    <ClInclude Include="flatbuffers\registry.h">
      <Filter>헤더 파일</Filter>
    </ClInclude>
    <ClInclude Include="flatbuffers\stl_emulation.h">
      <Filter>헤더 파일</Filter>
    </ClInclude>
    <ClInclude Include="flatbuffers\string.h">
      <Filter>헤더 파일</Filter>
    </ClInclude>
    <ClInclude Include="flatbuffers\struct.h">
      <Filter>헤더 파일</Filter>
    </ClInclude>
    <ClInclude Include="flatbuffers\table.h">
      <Filter>헤더 파일</Filter>
    </ClInclude>
    <ClInclude Include="flatbuffers\util.h">
      <Filter>헤더 파일</Filter>
    </ClInclude>
    <ClInclude Include="flatbuffers\vector.h">
      <Filter>헤더 파일</Filter>
    </ClInclude>
    <ClInclude Include="flatbuffers\vector_downward.h">
      <Filter>헤더 파일</Filter>
    </ClInclude>
    <ClInclude Include="flatbuffers\verifier.h">
      <Filter>헤더 파일</Filter>
    </ClInclude>
    <ClInclude Include="Network\BaseProtocol.h">
      <Filter>헤더 파일</Filter>
    </ClInclude>
    <ClInclude Include="Utility\UniversalToolkit.h">
      <Filter>헤더 파일</Filter>
    </ClInclude>
    <ClInclude Include="Utility\MSHA256.h">
      <Filter>헤더 파일</Filter>
    </ClInclude>
    <ClInclude Include="Exception\OpenSSLException.h">
      <Filter>헤더 파일</Filter>
    </ClInclude>
    <ClInclude Include="Utility\MRandom.h">
      <Filter>헤더 파일</Filter>
    </ClInclude>
    <ClInclude Include="Network\NetworkToolkit.h">
      <Filter>헤더 파일</Filter>
    </ClInclude>
    <ClInclude Include="Packet\PacketTag_generated.h">
      <Filter>헤더 파일</Filter>
    </ClInclude>
    <ClInclude Include="Structure\ActorStructure.h">
      <Filter>헤더 파일</Filter>
    </ClInclude>
    <ClInclude Include="Structure\Core\Vector.h">
      <Filter>헤더 파일</Filter>
    </ClInclude>
    <ClInclude Include="Structure\Core\Quaternion.h">
      <Filter>헤더 파일</Filter>
    </ClInclude>
    <ClInclude Include="Structure\Core\Transform.h">
      <Filter>헤더 파일</Filter>
    </ClInclude>
    <ClInclude Include="Structure\UnitStructure.h">
      <Filter>헤더 파일</Filter>
    </ClInclude>
    <ClInclude Include="Structure\PlayerStructure.h">
      <Filter>헤더 파일</Filter>
    </ClInclude>
    <ClInclude Include="Structure\Actor\Actor.h">
      <Filter>헤더 파일</Filter>
    </ClInclude>
    <ClInclude Include="Structure\Actor\UnitActor.h">
      <Filter>헤더 파일</Filter>
    </ClInclude>
    <ClInclude Include="Structure\Player\GPC.h">
      <Filter>헤더 파일</Filter>
    </ClInclude>
    <ClInclude Include="Structure\WorldStructure.h">
      <Filter>헤더 파일</Filter>
    </ClInclude>
    <ClInclude Include="Packet\Actor_generated.h">
      <Filter>헤더 파일</Filter>
    </ClInclude>
    <ClInclude Include="Packet\Core_generated.h">
      <Filter>헤더 파일</Filter>
    </ClInclude>
    <ClInclude Include="Packet\NClientActor_generated.h">
      <Filter>헤더 파일</Filter>
    </ClInclude>
    <ClInclude Include="Packet\NClientLogin_generated.h">
      <Filter>헤더 파일</Filter>
    </ClInclude>
    <ClInclude Include="Packet\NClientWorld_generated.h">
      <Filter>헤더 파일</Filter>
    </ClInclude>
    <ClInclude Include="Packet\Player_generated.h">
      <Filter>헤더 파일</Filter>
    </ClInclude>
  </ItemGroup>
  <ItemGroup>
    <ClCompile Include="Network\IOService.cpp">
      <Filter>소스 파일</Filter>
    </ClCompile>
    <ClCompile Include="Network\IOAcceptor.cpp">
      <Filter>소스 파일</Filter>
    </ClCompile>
    <ClCompile Include="Network\NetworkServer.cpp">
      <Filter>소스 파일</Filter>
    </ClCompile>
    <ClCompile Include="Network\ProtocolHandler.cpp">
      <Filter>소스 파일</Filter>
    </ClCompile>
    <ClCompile Include="Network\Session.cpp">
      <Filter>소스 파일</Filter>
    </ClCompile>
    <ClCompile Include="Network\IOConnector.cpp">
      <Filter>소스 파일</Filter>
    </ClCompile>
    <ClCompile Include="Utility\MThread.cpp">
      <Filter>소스 파일</Filter>
    </ClCompile>
    <ClCompile Include="Utility\FramesPerSecond.cpp">
      <Filter>소스 파일</Filter>
    </ClCompile>
    <ClCompile Include="Core\MLogger.cpp">
      <Filter>소스 파일</Filter>
    </ClCompile>
    <ClCompile Include="Utility\UniversalToolkit.cpp">
      <Filter>소스 파일</Filter>
    </ClCompile>
    <ClCompile Include="Utility\MSHA256.cpp">
      <Filter>소스 파일</Filter>
    </ClCompile>
    <ClCompile Include="Network\NetworkToolkit.cpp">
      <Filter>소스 파일</Filter>
    </ClCompile>
  </ItemGroup>
</Project>