
Microsoft Visual Studio Solution File, Format Version 12.00
# Visual Studio Version 17
VisualStudioVersion = 17.1.32328.378
MinimumVisualStudioVersion = 10.0.40219.1
Project("{8BC9CEB8-8B4A-11D0-8D11-00A0C91BC942}") = "CommonLibrary", "CommonLibrary\CommonLibrary.vcxproj", "{4A1EAA50-7E0B-49F5-9B05-568C1408988A}"
EndProject
Project("{8BC9CEB8-8B4A-11D0-8D11-00A0C91BC942}") = "UnitTestConsoleApp", "UnitTestConsoleApp\UnitTestConsoleApp.vcxproj", "{0DAE1EC3-6509-4A86-8CE6-46D447102464}"
EndProject
Project("{9A19103F-16F7-4668-BE54-9A1E7A4F7556}") = "TestClient", "TestClient\TestClient.csproj", "{31861BE8-485A-4E39-B6F8-9B27FE58B994}"
EndProject
Project("{8BC9CEB8-8B4A-11D0-8D11-00A0C91BC942}") = "MProjectLogger", "MProjectLogger\MProjectLogger.vcxproj", "{9F52A1A7-F1F5-4608-8A5B-389093420F73}"
EndProject
Project("{8BC9CEB8-8B4A-11D0-8D11-00A0C91BC942}") = "TestApplication", "TestApplication\TestApplication.vcxproj", "{43D2F596-4129-42AE-8343-FF9A32607132}"
EndProject
Project("{8BC9CEB8-8B4A-11D0-8D11-00A0C91BC942}") = "MProjectNetwork", "MProjectNetwork\MProjectNetwork.vcxproj", "{59EBEE14-971E-4E55-AE87-64E92BF0AD7D}"
EndProject
Global
	GlobalSection(SolutionConfigurationPlatforms) = preSolution
		Debug|Any CPU = Debug|Any CPU
		Debug|x64 = Debug|x64
		Debug|x86 = Debug|x86
		Release|Any CPU = Release|Any CPU
		Release|x64 = Release|x64
		Release|x86 = Release|x86
	EndGlobalSection
	GlobalSection(ProjectConfigurationPlatforms) = postSolution
		{4A1EAA50-7E0B-49F5-9B05-568C1408988A}.Debug|Any CPU.ActiveCfg = Debug|x64
		{4A1EAA50-7E0B-49F5-9B05-568C1408988A}.Debug|Any CPU.Build.0 = Debug|x64
		{4A1EAA50-7E0B-49F5-9B05-568C1408988A}.Debug|x64.ActiveCfg = Debug|x64
		{4A1EAA50-7E0B-49F5-9B05-568C1408988A}.Debug|x64.Build.0 = Debug|x64
		{4A1EAA50-7E0B-49F5-9B05-568C1408988A}.Debug|x86.ActiveCfg = Debug|Win32
		{4A1EAA50-7E0B-49F5-9B05-568C1408988A}.Debug|x86.Build.0 = Debug|Win32
		{4A1EAA50-7E0B-49F5-9B05-568C1408988A}.Release|Any CPU.ActiveCfg = Release|x64
		{4A1EAA50-7E0B-49F5-9B05-568C1408988A}.Release|Any CPU.Build.0 = Release|x64
		{4A1EAA50-7E0B-49F5-9B05-568C1408988A}.Release|x64.ActiveCfg = Release|x64
		{4A1EAA50-7E0B-49F5-9B05-568C1408988A}.Release|x64.Build.0 = Release|x64
		{4A1EAA50-7E0B-49F5-9B05-568C1408988A}.Release|x86.ActiveCfg = Release|Win32
		{4A1EAA50-7E0B-49F5-9B05-568C1408988A}.Release|x86.Build.0 = Release|Win32
		{0DAE1EC3-6509-4A86-8CE6-46D447102464}.Debug|Any CPU.ActiveCfg = Debug|x64
		{0DAE1EC3-6509-4A86-8CE6-46D447102464}.Debug|Any CPU.Build.0 = Debug|x64
		{0DAE1EC3-6509-4A86-8CE6-46D447102464}.Debug|x64.ActiveCfg = Debug|x64
		{0DAE1EC3-6509-4A86-8CE6-46D447102464}.Debug|x64.Build.0 = Debug|x64
		{0DAE1EC3-6509-4A86-8CE6-46D447102464}.Debug|x86.ActiveCfg = Debug|Win32
		{0DAE1EC3-6509-4A86-8CE6-46D447102464}.Debug|x86.Build.0 = Debug|Win32
		{0DAE1EC3-6509-4A86-8CE6-46D447102464}.Release|Any CPU.ActiveCfg = Release|x64
		{0DAE1EC3-6509-4A86-8CE6-46D447102464}.Release|Any CPU.Build.0 = Release|x64
		{0DAE1EC3-6509-4A86-8CE6-46D447102464}.Release|x64.ActiveCfg = Release|x64
		{0DAE1EC3-6509-4A86-8CE6-46D447102464}.Release|x64.Build.0 = Release|x64
		{0DAE1EC3-6509-4A86-8CE6-46D447102464}.Release|x86.ActiveCfg = Release|Win32
		{0DAE1EC3-6509-4A86-8CE6-46D447102464}.Release|x86.Build.0 = Release|Win32
		{31861BE8-485A-4E39-B6F8-9B27FE58B994}.Debug|Any CPU.ActiveCfg = Debug|Any CPU
		{31861BE8-485A-4E39-B6F8-9B27FE58B994}.Debug|Any CPU.Build.0 = Debug|Any CPU
		{31861BE8-485A-4E39-B6F8-9B27FE58B994}.Debug|x64.ActiveCfg = Debug|Any CPU
		{31861BE8-485A-4E39-B6F8-9B27FE58B994}.Debug|x64.Build.0 = Debug|Any CPU
		{31861BE8-485A-4E39-B6F8-9B27FE58B994}.Debug|x86.ActiveCfg = Debug|Any CPU
		{31861BE8-485A-4E39-B6F8-9B27FE58B994}.Debug|x86.Build.0 = Debug|Any CPU
		{31861BE8-485A-4E39-B6F8-9B27FE58B994}.Release|Any CPU.ActiveCfg = Release|Any CPU
		{31861BE8-485A-4E39-B6F8-9B27FE58B994}.Release|Any CPU.Build.0 = Release|Any CPU
		{31861BE8-485A-4E39-B6F8-9B27FE58B994}.Release|x64.ActiveCfg = Release|Any CPU
		{31861BE8-485A-4E39-B6F8-9B27FE58B994}.Release|x64.Build.0 = Release|Any CPU
		{31861BE8-485A-4E39-B6F8-9B27FE58B994}.Release|x86.ActiveCfg = Release|Any CPU
		{31861BE8-485A-4E39-B6F8-9B27FE58B994}.Release|x86.Build.0 = Release|Any CPU
		{9F52A1A7-F1F5-4608-8A5B-389093420F73}.Debug|Any CPU.ActiveCfg = Debug|x64
		{9F52A1A7-F1F5-4608-8A5B-389093420F73}.Debug|Any CPU.Build.0 = Debug|x64
		{9F52A1A7-F1F5-4608-8A5B-389093420F73}.Debug|x64.ActiveCfg = Debug|x64
		{9F52A1A7-F1F5-4608-8A5B-389093420F73}.Debug|x64.Build.0 = Debug|x64
		{9F52A1A7-F1F5-4608-8A5B-389093420F73}.Debug|x86.ActiveCfg = Debug|Win32
		{9F52A1A7-F1F5-4608-8A5B-389093420F73}.Debug|x86.Build.0 = Debug|Win32
		{9F52A1A7-F1F5-4608-8A5B-389093420F73}.Release|Any CPU.ActiveCfg = Release|x64
		{9F52A1A7-F1F5-4608-8A5B-389093420F73}.Release|Any CPU.Build.0 = Release|x64
		{9F52A1A7-F1F5-4608-8A5B-389093420F73}.Release|x64.ActiveCfg = Release|x64
		{9F52A1A7-F1F5-4608-8A5B-389093420F73}.Release|x64.Build.0 = Release|x64
		{9F52A1A7-F1F5-4608-8A5B-389093420F73}.Release|x86.ActiveCfg = Release|Win32
		{9F52A1A7-F1F5-4608-8A5B-389093420F73}.Release|x86.Build.0 = Release|Win32
		{43D2F596-4129-42AE-8343-FF9A32607132}.Debug|Any CPU.ActiveCfg = Debug|x64
		{43D2F596-4129-42AE-8343-FF9A32607132}.Debug|Any CPU.Build.0 = Debug|x64
		{43D2F596-4129-42AE-8343-FF9A32607132}.Debug|x64.ActiveCfg = Debug|x64
		{43D2F596-4129-42AE-8343-FF9A32607132}.Debug|x64.Build.0 = Debug|x64
		{43D2F596-4129-42AE-8343-FF9A32607132}.Debug|x86.ActiveCfg = Debug|Win32
		{43D2F596-4129-42AE-8343-FF9A32607132}.Debug|x86.Build.0 = Debug|Win32
		{43D2F596-4129-42AE-8343-FF9A32607132}.Release|Any CPU.ActiveCfg = Release|x64
		{43D2F596-4129-42AE-8343-FF9A32607132}.Release|Any CPU.Build.0 = Release|x64
		{43D2F596-4129-42AE-8343-FF9A32607132}.Release|x64.ActiveCfg = Release|x64
		{43D2F596-4129-42AE-8343-FF9A32607132}.Release|x64.Build.0 = Release|x64
		{43D2F596-4129-42AE-8343-FF9A32607132}.Release|x86.ActiveCfg = Release|Win32
		{43D2F596-4129-42AE-8343-FF9A32607132}.Release|x86.Build.0 = Release|Win32
		{59EBEE14-971E-4E55-AE87-64E92BF0AD7D}.Debug|Any CPU.ActiveCfg = Debug|x64
		{59EBEE14-971E-4E55-AE87-64E92BF0AD7D}.Debug|Any CPU.Build.0 = Debug|x64
		{59EBEE14-971E-4E55-AE87-64E92BF0AD7D}.Debug|x64.ActiveCfg = Debug|x64
		{59EBEE14-971E-4E55-AE87-64E92BF0AD7D}.Debug|x64.Build.0 = Debug|x64
		{59EBEE14-971E-4E55-AE87-64E92BF0AD7D}.Debug|x86.ActiveCfg = Debug|Win32
		{59EBEE14-971E-4E55-AE87-64E92BF0AD7D}.Debug|x86.Build.0 = Debug|Win32
		{59EBEE14-971E-4E55-AE87-64E92BF0AD7D}.Release|Any CPU.ActiveCfg = Release|x64
		{59EBEE14-971E-4E55-AE87-64E92BF0AD7D}.Release|Any CPU.Build.0 = Release|x64
		{59EBEE14-971E-4E55-AE87-64E92BF0AD7D}.Release|x64.ActiveCfg = Release|x64
		{59EBEE14-971E-4E55-AE87-64E92BF0AD7D}.Release|x64.Build.0 = Release|x64
		{59EBEE14-971E-4E55-AE87-64E92BF0AD7D}.Release|x86.ActiveCfg = Release|Win32
		{59EBEE14-971E-4E55-AE87-64E92BF0AD7D}.Release|x86.Build.0 = Release|Win32
	EndGlobalSection
	GlobalSection(SolutionProperties) = preSolution
		HideSolutionNode = FALSE
	EndGlobalSection
	GlobalSection(ExtensibilityGlobals) = postSolution
		SolutionGuid = {ADA909B4-193C-4229-B97C-3C2B1580D713}
	EndGlobalSection
EndGlobal
